// !$*UTF8*$!
{
	archiveVersion = 1;
	classes = {
	};
	objectVersion = 56;
	objects = {

/* Begin PBXBuildFile section */
		AA000001000000000000001B /* ExecutiveAssistantApp.swift in Sources */ = {isa = PBXBuildFile; fileRef = AA000001000000000000001A /* ExecutiveAssistantApp.swift */; };
		AA000002000000000000001B /* Message.swift in Sources */ = {isa = PBXBuildFile; fileRef = AA000002000000000000001A /* Message.swift */; };
		AA000003000000000000001B /* ConversationStore.swift in Sources */ = {isa = PBXBuildFile; fileRef = AA000003000000000000001A /* ConversationStore.swift */; };
		AA000004000000000000001B /* ClaudeService.swift in Sources */ = {isa = PBXBuildFile; fileRef = AA000004000000000000001A /* ClaudeService.swift */; };
		AA000005000000000000001B /* AudioService.swift in Sources */ = {isa = PBXBuildFile; fileRef = AA000005000000000000001A /* AudioService.swift */; };
		AA000006000000000000001B /* FileService.swift in Sources */ = {isa = PBXBuildFile; fileRef = AA000006000000000000001A /* FileService.swift */; };
		AA000007000000000000001B /* ContentView.swift in Sources */ = {isa = PBXBuildFile; fileRef = AA000007000000000000001A /* ContentView.swift */; };
		AA000008000000000000001B /* HomeView.swift in Sources */ = {isa = PBXBuildFile; fileRef = AA000008000000000000001A /* HomeView.swift */; };
		AA000009000000000000001B /* ConversationView.swift in Sources */ = {isa = PBXBuildFile; fileRef = AA000009000000000000001A /* ConversationView.swift */; };
		AA00000A000000000000001B /* HistoryView.swift in Sources */ = {isa = PBXBuildFile; fileRef = AA00000A000000000000001A /* HistoryView.swift */; };
		AA00000B000000000000001B /* SettingsView.swift in Sources */ = {isa = PBXBuildFile; fileRef = AA00000B000000000000001A /* SettingsView.swift */; };
		AA00000C000000000000001B /* Assets.xcassets in Resources */ = {isa = PBXBuildFile; fileRef = AA00000C000000000000001A /* Assets.xcassets */; };
		AA00000D000000000000001B /* LaunchScreen.storyboard in Resources */ = {isa = PBXBuildFile; fileRef = AA00000D000000000000001A /* LaunchScreen.storyboard */; };
/* End PBXBuildFile section */

/* Begin PBXFileReference section */
		AA000001000000000000001A /* ExecutiveAssistantApp.swift */ = {isa = PBXFileReference; lastKnownFileType = sourcecode.swift; path = ExecutiveAssistantApp.swift; sourceTree = "<group>"; };
		AA000002000000000000001A /* Message.swift */ = {isa = PBXFileReference; lastKnownFileType = sourcecode.swift; path = Message.swift; sourceTree = "<group>"; };
		AA000003000000000000001A /* ConversationStore.swift */ = {isa = PBXFileReference; lastKnownFileType = sourcecode.swift; path = ConversationStore.swift; sourceTree = "<group>"; };
		AA000004000000000000001A /* ClaudeService.swift */ = {isa = PBXFileReference; lastKnownFileType = sourcecode.swift; path = ClaudeService.swift; sourceTree = "<group>"; };
		AA000005000000000000001A /* AudioService.swift */ = {isa = PBXFileReference; lastKnownFileType = sourcecode.swift; path = AudioService.swift; sourceTree = "<group>"; };
		AA000006000000000000001A /* FileService.swift */ = {isa = PBXFileReference; lastKnownFileType = sourcecode.swift; path = FileService.swift; sourceTree = "<group>"; };
		AA000007000000000000001A /* ContentView.swift */ = {isa = PBXFileReference; lastKnownFileType = sourcecode.swift; path = ContentView.swift; sourceTree = "<group>"; };
		AA000008000000000000001A /* HomeView.swift */ = {isa = PBXFileReference; lastKnownFileType = sourcecode.swift; path = HomeView.swift; sourceTree = "<group>"; };
		AA000009000000000000001A /* ConversationView.swift */ = {isa = PBXFileReference; lastKnownFileType = sourcecode.swift; path = ConversationView.swift; sourceTree = "<group>"; };
		AA00000A000000000000001A /* HistoryView.swift */ = {isa = PBXFileReference; lastKnownFileType = sourcecode.swift; path = HistoryView.swift; sourceTree = "<group>"; };
		AA00000B000000000000001A /* SettingsView.swift */ = {isa = PBXFileReference; lastKnownFileType = sourcecode.swift; path = SettingsView.swift; sourceTree = "<group>"; };
		AA00000C000000000000001A /* Assets.xcassets */ = {isa = PBXFileReference; lastKnownFileType = folder.assetcatalog; path = Assets.xcassets; sourceTree = "<group>"; };
		AA00000D000000000000001A /* LaunchScreen.storyboard */ = {isa = PBXFileReference; lastKnownFileType = file.storyboard; path = LaunchScreen.storyboard; sourceTree = "<group>"; };
		AA00000E000000000000001A /* Info.plist */ = {isa = PBXFileReference; lastKnownFileType = text.plist.xml; path = Info.plist; sourceTree = "<group>"; };
		AA00000F000000000000001A /* ExecutiveAssistant.app */ = {isa = PBXFileReference; explicitFileType = wrapper.application; includeInIndex = 0; path = ExecutiveAssistant.app; sourceTree = BUILT_PRODUCTS_DIR; };
/* End PBXFileReference section */

/* Begin PBXFrameworksBuildPhase section */
		AA000010000000000000001A /* Frameworks */ = {
			isa = PBXFrameworksBuildPhase;
			buildActionMask = 2147483647;
			files = (
			);
			runOnlyForDeploymentPostprocessing = 0;
		};
/* End PBXFrameworksBuildPhase section */

/* Begin PBXGroup section */
		AA000011000000000000001A /* Products */ = {
			isa = PBXGroup;
			children = (
				AA00000F000000000000001A /* ExecutiveAssistant.app */,
			);
			name = Products;
			sourceTree = "<group>";
		};
		AA000012000000000000001A /* ExecutiveAssistant */ = {
			isa = PBXGroup;
			children = (
				AA000013000000000000001A /* App */,
				AA000014000000000000001A /* Views */,
				AA000015000000000000001A /* Models */,
				AA000016000000000000001A /* Services */,
				AA00000C000000000000001A /* Assets.xcassets */,
				AA00000D000000000000001A /* LaunchScreen.storyboard */,
			);
			path = ExecutiveAssistant;
			sourceTree = "<group>";
		};
		AA000013000000000000001A /* App */ = {
			isa = PBXGroup;
			children = (
				AA000001000000000000001A /* ExecutiveAssistantApp.swift */,
				AA00000E000000000000001A /* Info.plist */,
			);
			path = App;
			sourceTree = "<group>";
		};
		AA000014000000000000001A /* Views */ = {
			isa = PBXGroup;
			children = (
				AA000007000000000000001A /* ContentView.swift */,
				AA000008000000000000001A /* HomeView.swift */,
				AA000009000000000000001A /* ConversationView.swift */,
				AA00000A000000000000001A /* HistoryView.swift */,
				AA00000B000000000000001A /* SettingsView.swift */,
			);
			path = Views;
			sourceTree = "<group>";
		};
		AA000015000000000000001A /* Models */ = {
			isa = PBXGroup;
			children = (
				AA000002000000000000001A /* Message.swift */,
				AA000003000000000000001A /* ConversationStore.swift */,
			);
			path = Models;
			sourceTree = "<group>";
		};
		AA000016000000000000001A /* Services */ = {
			isa = PBXGroup;
			children = (
				AA000004000000000000001A /* ClaudeService.swift */,
				AA000005000000000000001A /* AudioService.swift */,
				AA000006000000000000001A /* FileService.swift */,
			);
			path = Services;
			sourceTree = "<group>";
		};
		AA000017000000000000001A = {
			isa = PBXGroup;
			children = (
				AA000012000000000000001A /* ExecutiveAssistant */,
				AA000011000000000000001A /* Products */,
			);
			sourceTree = "<group>";
		};
/* End PBXGroup section */

/* Begin PBXNativeTarget section */
		AA000018000000000000001A /* ExecutiveAssistant */ = {
			isa = PBXNativeTarget;
			buildConfigurationList = AA000019000000000000001A /* Build configuration list for PBXNativeTarget "ExecutiveAssistant" */;
			buildPhases = (
				AA00001A000000000000001A /* Sources */,
				AA000010000000000000001A /* Frameworks */,
				AA00001B000000000000001A /* Resources */,
			);
			buildRules = (
			);
			dependencies = (
			);
			name = ExecutiveAssistant;
			productName = ExecutiveAssistant;
			productReference = AA00000F000000000000001A /* ExecutiveAssistant.app */;
			productType = "com.apple.product-type.application";
		};
/* End PBXNativeTarget section */

/* Begin PBXProject section */
		AA00001C000000000000001A /* Project object */ = {
			isa = PBXProject;
			attributes = {
				BuildIndependentTargetsInParallel = 1;
				LastSwiftUpdateCheck = 1500;
				LastUpgradeCheck = 1500;
				TargetAttributes = {
					AA000018000000000000001A = {
						CreatedOnToolsVersion = 15.0;
					};
				};
			};
			buildConfigurationList = AA00001D000000000000001A /* Build configuration list for PBXProject "ExecutiveAssistant" */;
			compatibilityVersion = "Xcode 14.0";
			developmentRegion = en;
			hasScannedForEncodings = 0;
			knownRegions = (
				en,
				Base,
			);
			mainGroup = AA000017000000000000001A;
			productRefGroup = AA000011000000000000001A /* Products */;
			projectDirPath = "";
			projectRoot = "";
			targets = (
				AA000018000000000000001A /* ExecutiveAssistant */,
			);
		};
/* End PBXProject section */

/* Begin PBXResourcesBuildPhase section */
		AA00001B000000000000001A /* Resources */ = {
			isa = PBXResourcesBuildPhase;
			buildActionMask = 2147483647;
			files = (
				AA00000C000000000000001B /* Assets.xcassets in Resources */,
				AA00000D000000000000001B /* LaunchScreen.storyboard in Resources */,
			);
			runOnlyForDeploymentPostprocessing = 0;
		};
/* End PBXResourcesBuildPhase section */

/* Begin PBXSourcesBuildPhase section */
		AA00001A000000000000001A /* Sources */ = {
			isa = PBXSourcesBuildPhase;
			buildActionMask = 2147483647;
			files = (
				AA000001000000000000001B /* ExecutiveAssistantApp.swift in Sources */,
				AA000002000000000000001B /* Message.swift in Sources */,
				AA000003000000000000001B /* ConversationStore.swift in Sources */,
				AA000004000000000000001B /* ClaudeService.swift in Sources */,
				AA000005000000000000001B /* AudioService.swift in Sources */,
				AA000006000000000000001B /* FileService.swift in Sources */,
				AA000007000000000000001B /* ContentView.swift in Sources */,
				AA000008000000000000001B /* HomeView.swift in Sources */,
				AA000009000000000000001B /* ConversationView.swift in Sources */,
				AA00000A000000000000001B /* HistoryView.swift in Sources */,
				AA00000B000000000000001B /* SettingsView.swift in Sources */,
			);
			runOnlyForDeploymentPostprocessing = 0;
		};
/* End PBXSourcesBuildPhase section */

/* Begin XCBuildConfiguration section */
		AA00001E000000000000001A /* Debug */ = {
			isa = XCBuildConfiguration;
			buildSettings = {
				ALWAYS_SEARCH_USER_PATHS = NO;
				ASSETCATALOG_COMPILER_GENERATE_SWIFT_ASSET_SYMBOL_EXTENSIONS = YES;
				CLANG_ANALYZER_NONNULL = YES;
				CLANG_ANALYZER_NUMBER_OBJECT_CONVERSION = YES_AGGRESSIVE;
				CLANG_CXX_LANGUAGE_STANDARD = "gnu++20";
				CLANG_ENABLE_MODULES = YES;
				CLANG_ENABLE_OBJC_ARC = YES;
				CLANG_ENABLE_OBJC_WEAK = YES;
				CLANG_WARN_BLOCK_CAPTURE_AUTORELEASING = YES;
				CLANG_WARN_BOOL_CONVERSION = YES;
				CLANG_WARN_COMMA = YES;
				CLANG_WARN_CONSTANT_CONVERSION = YES;
				CLANG_WARN_DEPRECATED_OBJC_IMPLEMENTATIONS = YES;
				CLANG_WARN_DIRECT_OBJC_ISA_USAGE = YES_ERROR;
				CLANG_WARN_DOCUMENTATION_COMMENTS = YES;
				CLANG_WARN_EMPTY_BODY = YES;
				CLANG_WARN_ENUM_CONVERSION = YES;
				CLANG_WARN_INFINITE_RECURSION = YES;
				CLANG_WARN_INT_CONVERSION = YES;
				CLANG_WARN_NON_LITERAL_NULL_CONVERSION = YES;
				CLANG_WARN_OBJC_IMPLICIT_RETAIN_CYCLE = YES;
				CLANG_WARN_OBJC_LITERAL_CONVERSION = YES;
				CLANG_WARN_OBJC_ROOT_CLASS = YES_ERROR;
				CLANG_WARN_QUOTED_INCLUDE_IN_FRAMEWORK_HEADER = YES;
				CLANG_WARN_RANGE_LOOP_ANALYSIS = YES;
				CLANG_WARN_STRICT_PROTOTYPES = YES;
				CLANG_WARN_SUSPICIOUS_MOVE = YES;
				CLANG_WARN_UNGUARDED_AVAILABILITY = YES_AGGRESSIVE;
				CLANG_WARN_UNREACHABLE_CODE = YES;
				CLANG_WARN__DUPLICATE_METHOD_MATCH = YES;
				COPY_PHASE_STRIP = NO;
				DEBUG_INFORMATION_FORMAT = dwarf;
				ENABLE_STRICT_OBJC_MSGSEND = YES;
				ENABLE_TESTABILITY = YES;
				ENABLE_USER_SCRIPT_SANDBOXING = YES;
				GCC_C_LANGUAGE_STANDARD = gnu17;
				GCC_DYNAMIC_NO_PIC = NO;
				GCC_NO_COMMON_BLOCKS = YES;
				GCC_OPTIMIZATION_LEVEL = 0;
				GCC_PREPROCESSOR_DEFINITIONS = (
					"DEBUG=1",
					"$(inherited)",
				);
				GCC_WARN_64_TO_32_BIT_CONVERSION = YES;
				GCC_WARN_ABOUT_RETURN_TYPE = YES_ERROR;
				GCC_WARN_UNDECLARED_SELECTOR = YES;
				GCC_WARN_UNINITIALIZED_AUTOS = YES_AGGRESSIVE;
				GCC_WARN_UNUSED_FUNCTION = YES;
				GCC_WARN_UNUSED_VARIABLE = YES;
				IPHONEOS_DEPLOYMENT_TARGET = 17.0;
				MTL_ENABLE_DEBUG_INFO = INCLUDE_SOURCE;
				MTL_FAST_MATH = YES;
				ONLY_ACTIVE_ARCH = YES;
				SDKROOT = iphoneos;
				SWIFT_ACTIVE_COMPILATION_CONDITIONS = "DEBUG $(inherited)";
				SWIFT_OPTIMIZATION_LEVEL = "-Onone";
			};
			name = Debug;
		};
		AA00001F000000000000001A /* Release */ = {
			isa = XCBuildConfiguration;
			buildSettings = {
				ALWAYS_SEARCH_USER_PATHS = NO;
				ASSETCATALOG_COMPILER_GENERATE_SWIFT_ASSET_SYMBOL_EXTENSIONS = YES;
				CLANG_ANALYZER_NONNULL = YES;
				CLANG_ANALYZER_NUMBER_OBJECT_CONVERSION = YES_AGGRESSIVE;
				CLANG_CXX_LANGUAGE_STANDARD = "gnu++20";
				CLANG_ENABLE_MODULES = YES;
				CLANG_ENABLE_OBJC_ARC = YES;
				CLANG_ENABLE_OBJC_WEAK = YES;
				CLANG_WARN_BLOCK_CAPTURE_AUTORELEASING = YES;
				CLANG_WARN_BOOL_CONVERSION = YES;
				CLANG_WARN_COMMA = YES;
				CLANG_WARN_CONSTANT_CONVERSION = YES;
				CLANG_WARN_DEPRECATED_OBJC_IMPLEMENTATIONS = YES;
				CLANG_WARN_DIRECT_OBJC_ISA_USAGE = YES_ERROR;
				CLANG_WARN_DOCUMENTATION_COMMENTS = YES;
				CLANG_WARN_EMPTY_BODY = YES;
				CLANG_WARN_ENUM_CONVERSION = YES;
				CLANG_WARN_INFINITE_RECURSION = YES;
				CLANG_WARN_INT_CONVERSION = YES;
				CLANG_WARN_NON_LITERAL_NULL_CONVERSION = YES;
				CLANG_WARN_OBJC_IMPLICIT_RETAIN_CYCLE = YES;
				CLANG_WARN_OBJC_LITERAL_CONVERSION = YES;
				CLANG_WARN_OBJC_ROOT_CLASS = YES_ERROR;
				CLANG_WARN_QUOTED_INCLUDE_IN_FRAMEWORK_HEADER = YES;
				CLANG_WARN_RANGE_LOOP_ANALYSIS = YES;
				CLANG_WARN_STRICT_PROTOTYPES = YES;
				CLANG_WARN_SUSPICIOUS_MOVE = YES;
				CLANG_WARN_UNGUARDED_AVAILABILITY = YES_AGGRESSIVE;
				CLANG_WARN_UNREACHABLE_CODE = YES;
				CLANG_WARN__DUPLICATE_METHOD_MATCH = YES;
				COPY_PHASE_STRIP = NO;
				DEBUG_INFORMATION_FORMAT = "dwarf-with-dsym";
				ENABLE_NS_ASSERTIONS = NO;
				ENABLE_STRICT_OBJC_MSGSEND = YES;
				ENABLE_USER_SCRIPT_SANDBOXING = YES;
				GCC_C_LANGUAGE_STANDARD = gnu17;
				GCC_NO_COMMON_BLOCKS = YES;
				GCC_WARN_64_TO_32_BIT_CONVERSION = YES;
				GCC_WARN_ABOUT_RETURN_TYPE = YES_ERROR;
				GCC_WARN_UNDECLARED_SELECTOR = YES;
				GCC_WARN_UNINITIALIZED_AUTOS = YES_AGGRESSIVE;
				GCC_WARN_UNUSED_FUNCTION = YES;
				GCC_WARN_UNUSED_VARIABLE = YES;
				IPHONEOS_DEPLOYMENT_TARGET = 17.0;
				MTL_FAST_MATH = YES;
				SDKROOT = iphoneos;
				SWIFT_COMPILATION_MODE = wholemodule;
				VALIDATE_PRODUCT = YES;
			};
			name = Release;
		};
		AA000020000000000000001A /* Debug */ = {
			isa = XCBuildConfiguration;
			buildSettings = {
				ASSETCATALOG_COMPILER_APPICON_NAME = AppIcon;
				ASSETCATALOG_COMPILER_GLOBAL_ACCENT_COLOR_NAME = AccentColor;
				CODE_SIGN_STYLE = Automatic;
				CURRENT_PROJECT_VERSION = 1;
				DEVELOPMENT_ASSET_PATHS = "";
				ENABLE_PREVIEWS = YES;
				GENERATE_INFOPLIST_FILE = NO;
				INFOPLIST_FILE = ExecutiveAssistant/App/Info.plist;
				IPHONEOS_DEPLOYMENT_TARGET = 17.0;
				LD_RUNPATH_SEARCH_PATHS = (
					"$(inherited)",
					"@executable_path/Frameworks",
				);
				MARKETING_VERSION = 1.0;
				PRODUCT_BUNDLE_IDENTIFIER = com.executiveassistant.app;
				PRODUCT_NAME = "$(TARGET_NAME)";
				SWIFT_EMIT_LOC_STRINGS = YES;
				SWIFT_VERSION = 5.0;
				TARGETED_DEVICE_FAMILY = "1,2";
			};
			name = Debug;
		};
		AA000021000000000000001A /* Release */ = {
			isa = XCBuildConfiguration;
			buildSettings = {
				ASSETCATALOG_COMPILER_APPICON_NAME = AppIcon;
				ASSETCATALOG_COMPILER_GLOBAL_ACCENT_COLOR_NAME = AccentColor;
				CODE_SIGN_STYLE = Automatic;
				CURRENT_PROJECT_VERSION = 1;
				DEVELOPMENT_ASSET_PATHS = "";
				ENABLE_PREVIEWS = YES;
				GENERATE_INFOPLIST_FILE = NO;
				INFOPLIST_FILE = ExecutiveAssistant/App/Info.plist;
				IPHONEOS_DEPLOYMENT_TARGET = 17.0;
				LD_RUNPATH_SEARCH_PATHS = (
					"$(inherited)",
					"@executable_path/Frameworks",
				);
				MARKETING_VERSION = 1.0;
				PRODUCT_BUNDLE_IDENTIFIER = com.executiveassistant.app;
				PRODUCT_NAME = "$(TARGET_NAME)";
				SWIFT_EMIT_LOC_STRINGS = YES;
				SWIFT_VERSION = 5.0;
				TARGETED_DEVICE_FAMILY = "1,2";
			};
			name = Release;
		};
/* End XCBuildConfiguration section */

/* Begin XCConfigurationList section */
		AA000019000000000000001A /* Build configuration list for PBXNativeTarget "ExecutiveAssistant" */ = {
			isa = XCConfigurationList;
			buildConfigurations = (
				AA000020000000000000001A /* Debug */,
				AA000021000000000000001A /* Release */,
			);
			defaultConfigurationIsVisible = 0;
			defaultConfigurationName = Release;
		};
		AA00001D000000000000001A /* Build configuration list for PBXProject "ExecutiveAssistant" */ = {
			isa = XCConfigurationList;
			buildConfigurations = (
				AA00001E000000000000001A /* Debug */,
				AA00001F000000000000001A /* Release */,
			);
			defaultConfigurationIsVisible = 0;
			defaultConfigurationName = Release;
		};
/* End XCConfigurationList section */

	};
	rootObject = AA00001C000000000000001A /* Project object */;
}
